
Microsoft Visual Studio Solution File, Format Version 12.00
Project("{2150E333-8FDC-42A3-9474-1A3956D46DE8}") = "Services", "Services", "{1F26E0CC-6326-4C6D-80DC-0A2A755A88B1}"
EndProject
Project("{2150E333-8FDC-42A3-9474-1A3956D46DE8}") = "src", "src", "{6C1F4A66-381D-4D2A-A5B3-BF04BCE2E4D6}"
EndProject
Project("{FAE04EC0-301F-11D3-BF4B-00C04F79EFBC}") = "Catolog.Api", "Services\Catolog\Catolog.Api\Catolog.Api.csproj", "{20B6657B-22F8-456A-858D-3B224C69E279}"
EndProject
Global
	GlobalSection(SolutionConfigurationPlatforms) = preSolution
		Debug|Any CPU = Debug|Any CPU
		Release|Any CPU = Release|Any CPU
	EndGlobalSection
	GlobalSection(NestedProjects) = preSolution
		{1F26E0CC-6326-4C6D-80DC-0A2A755A88B1} = {6C1F4A66-381D-4D2A-A5B3-BF04BCE2E4D6}
		{20B6657B-22F8-456A-858D-3B224C69E279} = {1F26E0CC-6326-4C6D-80DC-0A2A755A88B1}
	EndGlobalSection
	GlobalSection(ProjectConfigurationPlatforms) = postSolution
		{20B6657B-22F8-456A-858D-3B224C69E279}.Debug|Any CPU.ActiveCfg = Debug|Any CPU
		{20B6657B-22F8-456A-858D-3B224C69E279}.Debug|Any CPU.Build.0 = Debug|Any CPU
		{20B6657B-22F8-456A-858D-3B224C69E279}.Release|Any CPU.ActiveCfg = Release|Any CPU
		{20B6657B-22F8-456A-858D-3B224C69E279}.Release|Any CPU.Build.0 = Release|Any CPU
	EndGlobalSection
EndGlobal
